
Microsoft Visual Studio Solution File, Format Version 12.00
# Visual Studio Version 17
VisualStudioVersion = 17.14.36109.1
MinimumVisualStudioVersion = 10.0.40219.1
Project("{2150E333-8FDC-42A3-9474-1A3956D46DE8}") = "src", "src", "{7FF84C1B-17E5-4B66-A7E2-6B3A9F22937E}"
EndProject
Project("{FAE04EC0-301F-11D3-BF4B-00C04F79EFBC}") = "SolidPrinciples", "SolidPrinciples\SolidPrinciples.csproj", "{6FDBE313-267B-4ED5-8701-41074D8A16F4}"
EndProject
Global
	GlobalSection(SolutionConfigurationPlatforms) = preSolution
		Debug|Any CPU = Debug|Any CPU
		Release|Any CPU = Release|Any CPU
	EndGlobalSection
	GlobalSection(ProjectConfigurationPlatforms) = postSolution
		{6FDBE313-267B-4ED5-8701-41074D8A16F4}.Debug|Any CPU.ActiveCfg = Debug|Any CPU
		{6FDBE313-267B-4ED5-8701-41074D8A16F4}.Debug|Any CPU.Build.0 = Debug|Any CPU
		{6FDBE313-267B-4ED5-8701-41074D8A16F4}.Release|Any CPU.ActiveCfg = Release|Any CPU
		{6FDBE313-267B-4ED5-8701-41074D8A16F4}.Release|Any CPU.Build.0 = Release|Any CPU
	EndGlobalSection
	GlobalSection(SolutionProperties) = preSolution
		HideSolutionNode = FALSE
	EndGlobalSection
	GlobalSection(NestedProjects) = preSolution
		{6FDBE313-267B-4ED5-8701-41074D8A16F4} = {7FF84C1B-17E5-4B66-A7E2-6B3A9F22937E}
	EndGlobalSection
	GlobalSection(ExtensibilityGlobals) = postSolution
		SolutionGuid = {EC61DD52-39D1-4EF7-8EFB-FB2A51C5B1EB}
	EndGlobalSection
EndGlobal
